
Microsoft Visual Studio Solution File, Format Version 12.00
# Visual Studio Version 17
VisualStudioVersion = 17.2.32630.192
MinimumVisualStudioVersion = 10.0.40219.1
Project("{FAE04EC0-301F-11D3-BF4B-00C04F79EFBC}") = "MargheritaPub", "MargheritaPub\MargheritaPub.csproj", "{7E0387C6-9E2F-41E5-BCF8-4A999B7B6C8A}"
EndProject
Project("{FAE04EC0-301F-11D3-BF4B-00C04F79EFBC}") = "DataAccess", "DataAccess\DataAccess.csproj", "{52C0D84D-01E7-4023-8EBC-802CA63FAB5F}"
EndProject
Global
	GlobalSection(SolutionConfigurationPlatforms) = preSolution
		Debug|Any CPU = Debug|Any CPU
		Release|Any CPU = Release|Any CPU
	EndGlobalSection
	GlobalSection(ProjectConfigurationPlatforms) = postSolution
		{7E0387C6-9E2F-41E5-BCF8-4A999B7B6C8A}.Debug|Any CPU.ActiveCfg = Debug|Any CPU
		{7E0387C6-9E2F-41E5-BCF8-4A999B7B6C8A}.Debug|Any CPU.Build.0 = Debug|Any CPU
		{7E0387C6-9E2F-41E5-BCF8-4A999B7B6C8A}.Release|Any CPU.ActiveCfg = Release|Any CPU
		{7E0387C6-9E2F-41E5-BCF8-4A999B7B6C8A}.Release|Any CPU.Build.0 = Release|Any CPU
		{52C0D84D-01E7-4023-8EBC-802CA63FAB5F}.Debug|Any CPU.ActiveCfg = Debug|Any CPU
		{52C0D84D-01E7-4023-8EBC-802CA63FAB5F}.Debug|Any CPU.Build.0 = Debug|Any CPU
		{52C0D84D-01E7-4023-8EBC-802CA63FAB5F}.Release|Any CPU.ActiveCfg = Release|Any CPU
		{52C0D84D-01E7-4023-8EBC-802CA63FAB5F}.Release|Any CPU.Build.0 = Release|Any CPU
	EndGlobalSection
	GlobalSection(SolutionProperties) = preSolution
		HideSolutionNode = FALSE
	EndGlobalSection
	GlobalSection(ExtensibilityGlobals) = postSolution
		SolutionGuid = {BC90B040-40A8-4422-97B1-9FB195FF3262}
	EndGlobalSection
EndGlobal
